PODS:
  - Action (0.0.1):
    - TypePreservingCodingAdapter
  - Anchor (0.0.1):
    - Identifier
    - Tag
    - Variable
  - Identifier (0.0.1)
  - Kingfisher (5.0.1)
  - Style (0.0.1):
    - Tag
    - TypePreservingCodingAdapter
    - Variable
  - Substitutes (0.0.1):
    - Style
    - Tag
  - SwiftShell (4.1.2)
  - Tag (0.0.1)
  - Tyler (0.0.1):
    - Action
    - Anchor
    - Identifier
    - Style
    - Tag
    - TypePreservingCodingAdapter
    - Variable
  - TylerSupportAppleCommon (0.0.1):
    - Substitutes
    - Tag
    - Variable
  - TylerSupportAppleUIKit (0.0.1):
    - Kingfisher
    - Style
    - Substitutes
    - Tag
    - Tyler
    - TylerSupportAppleCommon
    - Variable
  - TypePreservingCodingAdapter (1.0.0)
  - Variable (0.0.1)

DEPENDENCIES:
  - Action (from `https://github.com/IgorMuzyka/Tyler.Action.git`)
  - Anchor (from `https://github.com/IgorMuzyka/Tyler.Anchor.git`)
  - Identifier (from `https://github.com/IgorMuzyka/Tyler.Identifier.git`)
  - Kingfisher (~> 5.0.0)
  - Style (from `https://github.com/IgorMuzyka/Tyler.Style.git`)
  - Substitutes (from `https://github.com/IgorMuzyka/Tyler.Substitutes.git`)
  - SwiftShell (>= 4.0.0)
  - Tag (from `https://github.com/IgorMuzyka/Tyler.Tag.git`)
  - Tyler (from `https://github.com/IgorMuzyka/Tyler.git`)
  - TylerSupportAppleCommon (from `https://github.com/IgorMuzyka/Tyler.Support.Apple.Common.git`)
  - TylerSupportAppleUIKit (from `https://github.com/IgorMuzyka/Tyler.Support.Apple.UIKit.git`)
  - TypePreservingCodingAdapter (from `https://github.com/IgorMuzyka/Type-Preserving-Coding-Adapter.git`)
  - Variable (from `https://github.com/IgorMuzyka/Tyler.Variable.git`)

SPEC REPOS:
  https://github.com/cocoapods/specs.git:
    - Kingfisher
    - SwiftShell

EXTERNAL SOURCES:
  Action:
    :git: https://github.com/IgorMuzyka/Tyler.Action.git
  Anchor:
    :git: https://github.com/IgorMuzyka/Tyler.Anchor.git
  Identifier:
    :git: https://github.com/IgorMuzyka/Tyler.Identifier.git
  Style:
    :git: https://github.com/IgorMuzyka/Tyler.Style.git
  Substitutes:
    :git: https://github.com/IgorMuzyka/Tyler.Substitutes.git
  Tag:
    :git: https://github.com/IgorMuzyka/Tyler.Tag.git
  Tyler:
    :git: https://github.com/IgorMuzyka/Tyler.git
  TylerSupportAppleCommon:
    :git: https://github.com/IgorMuzyka/Tyler.Support.Apple.Common.git
  TylerSupportAppleUIKit:
    :git: https://github.com/IgorMuzyka/Tyler.Support.Apple.UIKit.git
  TypePreservingCodingAdapter:
    :git: https://github.com/IgorMuzyka/Type-Preserving-Coding-Adapter.git
  Variable:
    :git: https://github.com/IgorMuzyka/Tyler.Variable.git

CHECKOUT OPTIONS:
  Action:
    :commit: 9a351004f0ee9eefe3bc2b9fbb7dc9229f262f3c
    :git: https://github.com/IgorMuzyka/Tyler.Action.git
  Anchor:
    :commit: f937cafeb2978081b81d3115c219193e387710b1
    :git: https://github.com/IgorMuzyka/Tyler.Anchor.git
  Identifier:
    :commit: 7cae3ec51fa514749a98c98d578f991169e5d1e5
    :git: https://github.com/IgorMuzyka/Tyler.Identifier.git
  Style:
    :commit: 87e1e163935220859de9f06843a10c6beeb18490
    :git: https://github.com/IgorMuzyka/Tyler.Style.git
  Substitutes:
    :commit: 4d659e857044639b6212865b3b7bdd51e4bb1fe8
    :git: https://github.com/IgorMuzyka/Tyler.Substitutes.git
  Tag:
    :commit: 235120d0dd85d0b2db95ba04f6637fc6f87b19b6
    :git: https://github.com/IgorMuzyka/Tyler.Tag.git
  Tyler:
    :commit: 1d45495b6a0da0218288273737940c654c7beb9e
    :git: https://github.com/IgorMuzyka/Tyler.git
  TylerSupportAppleCommon:
    :commit: 61aa2c20ada6f7c8582c6f7b586c94cfc7327645
    :git: https://github.com/IgorMuzyka/Tyler.Support.Apple.Common.git
  TylerSupportAppleUIKit:
    :commit: 3b4294b90fbc6236f69695a9e8d3306a6847ea25
    :git: https://github.com/IgorMuzyka/Tyler.Support.Apple.UIKit.git
  TypePreservingCodingAdapter:
    :commit: 56de4b11ca4154837b18634628e6370bb53fd095
    :git: https://github.com/IgorMuzyka/Type-Preserving-Coding-Adapter.git
  Variable:
    :commit: b5e2b1c7f7750c33c2c921396d1974bd72b8d46e
    :git: https://github.com/IgorMuzyka/Tyler.Variable.git

SPEC CHECKSUMS:
  Action: 7d625b6270725a4e027f2376ef6f8fb93411149f
  Anchor: aab4cd602dcde4a31a3bfa51b4c52322dcf960c2
  Identifier: 8d68c86c2a11beab9415469c2c082907127241f6
  Kingfisher: 4f771421b9208185217550528a06fd48756cb7c2
  Style: e6d03600e05376db9da0f71afbef30586e4ad28a
  Substitutes: 2ff22bab9bf6a9d770b41e101fd55093f3e5ee2f
  SwiftShell: ef02230ca8eba9afeb072ecf625a1690e8a6025c
  Tag: 10c5e8e8043c04ea2f8fe867f68312b19125c91e
  Tyler: eafcf5c9167973cad187ffdb5af425c1fc7a7c16
  TylerSupportAppleCommon: c66f4fbbf72cf326f4c6abf032d08122a47d3669
  TylerSupportAppleUIKit: 4839f674d5f56d99450d5846922739c7ed1f71ab
  TypePreservingCodingAdapter: 9a4ae38ea6b42dff713093c4f6e80c39a1eed4d9
  Variable: 872712646955fca728a8c12fa534d1fb57a59833

PODFILE CHECKSUM: dc01fe0c884af71702f9e1b5987def82903f72b9

COCOAPODS: 1.6.0.beta.2
